
Microsoft Visual Studio Solution File, Format Version 12.00
# Visual Studio 15
VisualStudioVersion = 15.0.28307.421
MinimumVisualStudioVersion = 10.0.40219.1
Project("{FAE04EC0-301F-11D3-BF4B-00C04F79EFBC}") = "oop", "oop\oop.csproj", "{CC08738B-8452-46D0-B572-8DED1B8ADB1D}"
EndProject
Global
	GlobalSection(SolutionConfigurationPlatforms) = preSolution
		Debug|Any CPU = Debug|Any CPU
		Release|Any CPU = Release|Any CPU
	EndGlobalSection
	GlobalSection(ProjectConfigurationPlatforms) = postSolution
		{CC08738B-8452-46D0-B572-8DED1B8ADB1D}.Debug|Any CPU.ActiveCfg = Debug|Any CPU
		{CC08738B-8452-46D0-B572-8DED1B8ADB1D}.Debug|Any CPU.Build.0 = Debug|Any CPU
		{CC08738B-8452-46D0-B572-8DED1B8ADB1D}.Release|Any CPU.ActiveCfg = Release|Any CPU
		{CC08738B-8452-46D0-B572-8DED1B8ADB1D}.Release|Any CPU.Build.0 = Release|Any CPU
	EndGlobalSection
	GlobalSection(SolutionProperties) = preSolution
		HideSolutionNode = FALSE
	EndGlobalSection
	GlobalSection(ExtensibilityGlobals) = postSolution
		SolutionGuid = {224B3CE3-A136-4AEB-9998-A7F7DD200017}
	EndGlobalSection
EndGlobal
